
Microsoft Visual Studio Solution File, Format Version 12.00
# Visual Studio Version 16
VisualStudioVersion = 16.0.29215.179
MinimumVisualStudioVersion = 10.0.40219.1
Project("{9A19103F-16F7-4668-BE54-9A1E7A4F7556}") = "myMicroservice", "servicio\myMicroservice.csproj", "{5C91B474-9800-4790-A805-200FF2231D55}"
EndProject
Project("{9A19103F-16F7-4668-BE54-9A1E7A4F7556}") = "mutantetest", "test\mutantetest.csproj", "{4AB8FF0B-CD42-476D-B954-6002F5C8947A}"
EndProject
Global
	GlobalSection(SolutionConfigurationPlatforms) = preSolution
		Debug|Any CPU = Debug|Any CPU
		Release|Any CPU = Release|Any CPU
	EndGlobalSection
	GlobalSection(ProjectConfigurationPlatforms) = postSolution
		{5C91B474-9800-4790-A805-200FF2231D55}.Debug|Any CPU.ActiveCfg = Debug|Any CPU
		{5C91B474-9800-4790-A805-200FF2231D55}.Debug|Any CPU.Build.0 = Debug|Any CPU
		{5C91B474-9800-4790-A805-200FF2231D55}.Release|Any CPU.ActiveCfg = Release|Any CPU
		{5C91B474-9800-4790-A805-200FF2231D55}.Release|Any CPU.Build.0 = Release|Any CPU
		{4AB8FF0B-CD42-476D-B954-6002F5C8947A}.Debug|Any CPU.ActiveCfg = Debug|Any CPU
		{4AB8FF0B-CD42-476D-B954-6002F5C8947A}.Debug|Any CPU.Build.0 = Debug|Any CPU
		{4AB8FF0B-CD42-476D-B954-6002F5C8947A}.Release|Any CPU.ActiveCfg = Release|Any CPU
		{4AB8FF0B-CD42-476D-B954-6002F5C8947A}.Release|Any CPU.Build.0 = Release|Any CPU
	EndGlobalSection
	GlobalSection(SolutionProperties) = preSolution
		HideSolutionNode = FALSE
	EndGlobalSection
	GlobalSection(ExtensibilityGlobals) = postSolution
		SolutionGuid = {48AEE5D2-3DE8-4B43-A4DD-C924023BA8E6}
	EndGlobalSection
EndGlobal
